// !$*UTF8*$!
{
	archiveVersion = 1;
	classes = {
	};
	objectVersion = 77;
	objects = {

/* Begin PBXBuildFile section */
		009BA7CB261C91DBBEC1D8C5 /* LearnViews.swift in Sources */ = {isa = PBXBuildFile; fileRef = AE0BDF46FCE64B4692A96017 /* LearnViews.swift */; };
		023C7A8E010B52705228034E /* QuizContentTests.swift in Sources */ = {isa = PBXBuildFile; fileRef = 7F8902F736BE65A51377ABF0 /* QuizContentTests.swift */; };
		02CDDD6278836CD356A2B6E9 /* RemoteBackend.swift in Sources */ = {isa = PBXBuildFile; fileRef = 48F5A8AF942299142460B70F /* RemoteBackend.swift */; };
		0A98509A9EDFF1F6335455A5 /* SessionRepository.swift in Sources */ = {isa = PBXBuildFile; fileRef = 709D1C1FC95A6647B86AFD2E /* SessionRepository.swift */; };
		0DC6B2D021CC16BAFACC6B2E /* GenesyxControls.swift in Sources */ = {isa = PBXBuildFile; fileRef = 6D297DB3865857FC294B954E /* GenesyxControls.swift */; };
		0DCC3D33A978CC1789DDCDB2 /* CycleSettingsSheet.swift in Sources */ = {isa = PBXBuildFile; fileRef = 5E5C7355A555DF5D7CDD47A0 /* CycleSettingsSheet.swift */; };
		171C66812D35CE18F49E8077 /* ErrorStateView.swift in Sources */ = {isa = PBXBuildFile; fileRef = 98022BBAD2E97CCAD9CBDF20 /* ErrorStateView.swift */; };
		179450D82831FD20FBB06431 /* RootView.swift in Sources */ = {isa = PBXBuildFile; fileRef = 7FAEDB5BABAF4DB17A1EA885 /* RootView.swift */; };
		191ABA3EA2167B60289B39E7 /* AppBackend.swift in Sources */ = {isa = PBXBuildFile; fileRef = 0C6AEDE2C83DDBA1A2CF2E59 /* AppBackend.swift */; };
		19D20718E9D21DC08671E277 /* OnboardingFlowView.swift in Sources */ = {isa = PBXBuildFile; fileRef = DAB2D6EDC638116F42330F79 /* OnboardingFlowView.swift */; };
		19E192F77DEF4C7726F9A530 /* DeepLinkTests.swift in Sources */ = {isa = PBXBuildFile; fileRef = 43EE7B189D1FA0D84CB24653 /* DeepLinkTests.swift */; };
		1B161462363D78E3F6630794 /* GenesyxColors.swift in Sources */ = {isa = PBXBuildFile; fileRef = 9D2256A8461234A12EC51385 /* GenesyxColors.swift */; };
		2784F238C500EEF89F459F93 /* HydrationInsightTests.swift in Sources */ = {isa = PBXBuildFile; fileRef = B18E3F542DC87A9DB38AE90F /* HydrationInsightTests.swift */; };
		2A61DF86DC8A79DAB133FEAF /* RepositoryTests.swift in Sources */ = {isa = PBXBuildFile; fileRef = 8FD8DC508575F00BB7566E22 /* RepositoryTests.swift */; };
		2CFBB75151ED772EF42BE762 /* AppContainer.swift in Sources */ = {isa = PBXBuildFile; fileRef = A724E422A810E5B8921F4A15 /* AppContainer.swift */; };
		36C87A06EB5CFFF312367D11 /* InviteView.swift in Sources */ = {isa = PBXBuildFile; fileRef = 8E8224E3C264A5AAABD3B6F4 /* InviteView.swift */; };
		3924E9760802BE0291932FD9 /* PartnerRepository.swift in Sources */ = {isa = PBXBuildFile; fileRef = 4CEF9376EE55F833D33CFEA5 /* PartnerRepository.swift */; };
		3B236BD816ADD547436DCF4A /* NutritionView.swift in Sources */ = {isa = PBXBuildFile; fileRef = F21E5D92371409ED4064F9DA /* NutritionView.swift */; };
		3C2FD7275110E323A3A88875 /* ProfileView.swift in Sources */ = {isa = PBXBuildFile; fileRef = 6CC221F6E9BDD623F1EC146C /* ProfileView.swift */; };
		3C4025BDDBBFF7E7C4EB068D /* NotificationTests.swift in Sources */ = {isa = PBXBuildFile; fileRef = 0A374BA412A71C4681304F6B /* NotificationTests.swift */; };
		3C786426F8C9E9FF5E55F9F2 /* MainTabView.swift in Sources */ = {isa = PBXBuildFile; fileRef = BC4D301E002F9F92D74DCA2E /* MainTabView.swift */; };
		3D63A628C151330C2E790EF8 /* PersistenceTests.swift in Sources */ = {isa = PBXBuildFile; fileRef = 303189AF2EDB7CEDB86E0060 /* PersistenceTests.swift */; };
		57841B3DEE07C928CEF38FBC /* Theme.swift in Sources */ = {isa = PBXBuildFile; fileRef = 29302184F2B6D0C0053D36D1 /* Theme.swift */; };
		5D61FD77753CAD3C6DC9F99A /* TrackView.swift in Sources */ = {isa = PBXBuildFile; fileRef = E8235770B012CBBA13E031E3 /* TrackView.swift */; };
		5F63C8C182860F732EFAD1B4 /* LearnContentTests.swift in Sources */ = {isa = PBXBuildFile; fileRef = 3396EA1311B91F430A9A56FC /* LearnContentTests.swift */; };
		5FB76A064A50237D02F42A35 /* NotificationContent.swift in Sources */ = {isa = PBXBuildFile; fileRef = F6DE996E8CAA936441DF387E /* NotificationContent.swift */; };
		640142F8AD057E25E3BE3BB8 /* GoogleSignIn in Frameworks */ = {isa = PBXBuildFile; productRef = EE200336765087672A45DFBE /* GoogleSignIn */; };
		651A078688B74ECA03A31657 /* LearnContent.swift in Sources */ = {isa = PBXBuildFile; fileRef = C945804E1BB5F3133A5710D6 /* LearnContent.swift */; };
		65A5F1876DC627D25E629435 /* NutritionHydrationTests.swift in Sources */ = {isa = PBXBuildFile; fileRef = 04A99C624A4D983AB1E3D538 /* NutritionHydrationTests.swift */; };
		6835DB6E7BBE2692B1220320 /* FlowLayout.swift in Sources */ = {isa = PBXBuildFile; fileRef = 18B326C15BF47D3EA69920B6 /* FlowLayout.swift */; };
		72E52DF5C287CE9601E07DD9 /* NotificationService.swift in Sources */ = {isa = PBXBuildFile; fileRef = 25158C5D4C95C0D86A2FFC22 /* NotificationService.swift */; };
		795CDA6439BC0D8D1A06F880 /* PregnancyView.swift in Sources */ = {isa = PBXBuildFile; fileRef = 65216CD3083B221BA523E62A /* PregnancyView.swift */; };
		7DEE045EA130EDC0364688A0 /* GenesyxUITests.swift in Sources */ = {isa = PBXBuildFile; fileRef = FD452495CEE851EB8D542EDD /* GenesyxUITests.swift */; };
		7E4CD1BF46B1F859F7A9E624 /* LogView.swift in Sources */ = {isa = PBXBuildFile; fileRef = 49849D9AB56307E72089D622 /* LogView.swift */; };
		80E86EC3B5ADC14AABBDB677 /* GenesyxApp.swift in Sources */ = {isa = PBXBuildFile; fileRef = 40F30A3F8C1E804BE4B86F8F /* GenesyxApp.swift */; };
		86B9753D403F1175DD52D577 /* DeepLink.swift in Sources */ = {isa = PBXBuildFile; fileRef = 0E5056238C379BFC87EEE98F /* DeepLink.swift */; };
		92C49067F4CFC43B2EEEC85E /* SupabaseBackend.swift in Sources */ = {isa = PBXBuildFile; fileRef = B272F6444F9A44B3497D5370 /* SupabaseBackend.swift */; };
		95374EE4612300DE8ECB082C /* PrivacyInfo.xcprivacy in Resources */ = {isa = PBXBuildFile; fileRef = 31285057904654880C873C5C /* PrivacyInfo.xcprivacy */; };
		95EFBAB411096AD3387E69AF /* NotificationRouter.swift in Sources */ = {isa = PBXBuildFile; fileRef = 7D0BEA36D2FE560E98C71D10 /* NotificationRouter.swift */; };
		9BAF00B09D32CC497A7FB2A5 /* AuthPartnerBackendTests.swift in Sources */ = {isa = PBXBuildFile; fileRef = 70CFFA90DC002A583118F417 /* AuthPartnerBackendTests.swift */; };
		9D27EC5A52BE53D875F4A7AF /* PreviewSupport.swift in Sources */ = {isa = PBXBuildFile; fileRef = F1D34D08C3CECE90DB71985D /* PreviewSupport.swift */; };
		9F148CCE3A2DE5173BFFAA39 /* RemoteModels.swift in Sources */ = {isa = PBXBuildFile; fileRef = 397DC99D1C37CD68DFB1AA05 /* RemoteModels.swift */; };
		A5CFFE487FC1011AC30B6196 /* HomeView.swift in Sources */ = {isa = PBXBuildFile; fileRef = 41348920BE9C91F44EC334CD /* HomeView.swift */; };
		A8CFAFC54BE8362144D42958 /* EmailValidator.swift in Sources */ = {isa = PBXBuildFile; fileRef = D6D3F941F8A48D807333965C /* EmailValidator.swift */; };
		B07097DA3A3F2D2E4BA97906 /* YearMonth+Foundation.swift in Sources */ = {isa = PBXBuildFile; fileRef = 00A35F920C88F39DE4A48AA3 /* YearMonth+Foundation.swift */; };
		BCC0CE448AC34CDDD5CD6736 /* Typography.swift in Sources */ = {isa = PBXBuildFile; fileRef = 5BD8D73ED6547E875275A4E1 /* Typography.swift */; };
		C4A444E7B1D33B58A8A1DAB1 /* LearnModels.swift in Sources */ = {isa = PBXBuildFile; fileRef = 40B409A2563A374272520A72 /* LearnModels.swift */; };
		C850284037447966A3511645 /* PhRepository.swift in Sources */ = {isa = PBXBuildFile; fileRef = CA1FD2DBFCCA2572F4AF84F1 /* PhRepository.swift */; };
		C8D8A6E74E7EA7B0F2070013 /* PlaceholderScreen.swift in Sources */ = {isa = PBXBuildFile; fileRef = 6A00188AAFEE31CD41906486 /* PlaceholderScreen.swift */; };
		C9EE7E47540C49C939B39E43 /* PhTrackerSection.swift in Sources */ = {isa = PBXBuildFile; fileRef = D48509B6EC8A02B3A142AF09 /* PhTrackerSection.swift */; };
		CD66002B3D5BBE1411B24650 /* AuthView.swift in Sources */ = {isa = PBXBuildFile; fileRef = 080CEB58B93445D2DB9D5400 /* AuthView.swift */; };
		DE9C3F479BE6E8224ED0C78C /* BackendSwapTests.swift in Sources */ = {isa = PBXBuildFile; fileRef = AEB6BAF8FC459A7A15C72AB8 /* BackendSwapTests.swift */; };
		E11E796D15E7BC987E6780E2 /* PersistenceDTOs.swift in Sources */ = {isa = PBXBuildFile; fileRef = C514C0E95E071BDA9843904E /* PersistenceDTOs.swift */; };
		E173C6750E0F0556C6C306F2 /* Supabase in Frameworks */ = {isa = PBXBuildFile; productRef = DEAB44EE02032528E4C7A894 /* Supabase */; };
		E35A43E19769AF5855E930A7 /* Assets.xcassets in Resources */ = {isa = PBXBuildFile; fileRef = 31FA256D16825BC48D9FF01C /* Assets.xcassets */; };
		E54366A509A127056046BEC5 /* DailyLogRepository.swift in Sources */ = {isa = PBXBuildFile; fileRef = FF6F37408A02568413C57CE0 /* DailyLogRepository.swift */; };
		E6031BE67078AE4BEF7ED0D1 /* LocalStore.swift in Sources */ = {isa = PBXBuildFile; fileRef = 1B2790DAD76D0036331A0789 /* LocalStore.swift */; };
		E6C31815C8A833D847C2404E /* CycleRepository.swift in Sources */ = {isa = PBXBuildFile; fileRef = E090A64261B2333C8D7643F1 /* CycleRepository.swift */; };
		EC5AD95C81D8E668D0AA8B59 /* InsightsView.swift in Sources */ = {isa = PBXBuildFile; fileRef = D9CDAEFE038258E2457FE471 /* InsightsView.swift */; };
		ED6676295BABDD824EE51AE4 /* GenesyxCore in Frameworks */ = {isa = PBXBuildFile; productRef = 9A6451E74177E670774A6BAA /* GenesyxCore */; };
		EEDE83F0AF5220C2F2BD57D2 /* RealInsightsTests.swift in Sources */ = {isa = PBXBuildFile; fileRef = 2A6A7DAC8C3FC99236B1ADB7 /* RealInsightsTests.swift */; };
		F224834DAF0D1D8314BAF564 /* PreferencesRepository.swift in Sources */ = {isa = PBXBuildFile; fileRef = 406D34D93DA7A1D21CCC5069 /* PreferencesRepository.swift */; };
		F8747CF476AB6AC7AE8256B2 /* CalendarDate+Foundation.swift in Sources */ = {isa = PBXBuildFile; fileRef = F344C06C360FBD7A34BA772B /* CalendarDate+Foundation.swift */; };
/* End PBXBuildFile section */

/* Begin PBXContainerItemProxy section */
		BCFF137D76D6258A885B108D /* PBXContainerItemProxy */ = {
			isa = PBXContainerItemProxy;
			containerPortal = 8E7F883601C36F1243B5EE31 /* Project object */;
			proxyType = 1;
			remoteGlobalIDString = 144114A9DE8B8CC8CA5003BF;
			remoteInfo = Genesyx;
		};
		E4B8F0CA94868029A93CB26B /* PBXContainerItemProxy */ = {
			isa = PBXContainerItemProxy;
			containerPortal = 8E7F883601C36F1243B5EE31 /* Project object */;
			proxyType = 1;
			remoteGlobalIDString = 144114A9DE8B8CC8CA5003BF;
			remoteInfo = Genesyx;
		};
/* End PBXContainerItemProxy section */

/* Begin PBXFileReference section */
		00A35F920C88F39DE4A48AA3 /* YearMonth+Foundation.swift */ = {isa = PBXFileReference; lastKnownFileType = sourcecode.swift; path = "YearMonth+Foundation.swift"; sourceTree = "<group>"; };
		04A99C624A4D983AB1E3D538 /* NutritionHydrationTests.swift */ = {isa = PBXFileReference; lastKnownFileType = sourcecode.swift; path = NutritionHydrationTests.swift; sourceTree = "<group>"; };
		080CEB58B93445D2DB9D5400 /* AuthView.swift */ = {isa = PBXFileReference; lastKnownFileType = sourcecode.swift; path = AuthView.swift; sourceTree = "<group>"; };
		0A374BA412A71C4681304F6B /* NotificationTests.swift */ = {isa = PBXFileReference; lastKnownFileType = sourcecode.swift; path = NotificationTests.swift; sourceTree = "<group>"; };
		0C6AEDE2C83DDBA1A2CF2E59 /* AppBackend.swift */ = {isa = PBXFileReference; lastKnownFileType = sourcecode.swift; path = AppBackend.swift; sourceTree = "<group>"; };
		0E5056238C379BFC87EEE98F /* DeepLink.swift */ = {isa = PBXFileReference; lastKnownFileType = sourcecode.swift; path = DeepLink.swift; sourceTree = "<group>"; };
		18B326C15BF47D3EA69920B6 /* FlowLayout.swift */ = {isa = PBXFileReference; lastKnownFileType = sourcecode.swift; path = FlowLayout.swift; sourceTree = "<group>"; };
		1B2790DAD76D0036331A0789 /* LocalStore.swift */ = {isa = PBXFileReference; lastKnownFileType = sourcecode.swift; path = LocalStore.swift; sourceTree = "<group>"; };
		25158C5D4C95C0D86A2FFC22 /* NotificationService.swift */ = {isa = PBXFileReference; lastKnownFileType = sourcecode.swift; path = NotificationService.swift; sourceTree = "<group>"; };
		29302184F2B6D0C0053D36D1 /* Theme.swift */ = {isa = PBXFileReference; lastKnownFileType = sourcecode.swift; path = Theme.swift; sourceTree = "<group>"; };
		2A6A7DAC8C3FC99236B1ADB7 /* RealInsightsTests.swift */ = {isa = PBXFileReference; lastKnownFileType = sourcecode.swift; path = RealInsightsTests.swift; sourceTree = "<group>"; };
		303189AF2EDB7CEDB86E0060 /* PersistenceTests.swift */ = {isa = PBXFileReference; lastKnownFileType = sourcecode.swift; path = PersistenceTests.swift; sourceTree = "<group>"; };
		31285057904654880C873C5C /* PrivacyInfo.xcprivacy */ = {isa = PBXFileReference; path = PrivacyInfo.xcprivacy; sourceTree = "<group>"; };
		31FA256D16825BC48D9FF01C /* Assets.xcassets */ = {isa = PBXFileReference; lastKnownFileType = folder.assetcatalog; path = Assets.xcassets; sourceTree = "<group>"; };
		3396EA1311B91F430A9A56FC /* LearnContentTests.swift */ = {isa = PBXFileReference; lastKnownFileType = sourcecode.swift; path = LearnContentTests.swift; sourceTree = "<group>"; };
		34BB4B2C82E7B1C0F7CA015A /* Genesyx.entitlements */ = {isa = PBXFileReference; lastKnownFileType = text.plist.entitlements; path = Genesyx.entitlements; sourceTree = "<group>"; };
		397DC99D1C37CD68DFB1AA05 /* RemoteModels.swift */ = {isa = PBXFileReference; lastKnownFileType = sourcecode.swift; path = RemoteModels.swift; sourceTree = "<group>"; };
		406D34D93DA7A1D21CCC5069 /* PreferencesRepository.swift */ = {isa = PBXFileReference; lastKnownFileType = sourcecode.swift; path = PreferencesRepository.swift; sourceTree = "<group>"; };
		40B409A2563A374272520A72 /* LearnModels.swift */ = {isa = PBXFileReference; lastKnownFileType = sourcecode.swift; path = LearnModels.swift; sourceTree = "<group>"; };
		40F30A3F8C1E804BE4B86F8F /* GenesyxApp.swift */ = {isa = PBXFileReference; lastKnownFileType = sourcecode.swift; path = GenesyxApp.swift; sourceTree = "<group>"; };
		41348920BE9C91F44EC334CD /* HomeView.swift */ = {isa = PBXFileReference; lastKnownFileType = sourcecode.swift; path = HomeView.swift; sourceTree = "<group>"; };
		43EE7B189D1FA0D84CB24653 /* DeepLinkTests.swift */ = {isa = PBXFileReference; lastKnownFileType = sourcecode.swift; path = DeepLinkTests.swift; sourceTree = "<group>"; };
		48F5A8AF942299142460B70F /* RemoteBackend.swift */ = {isa = PBXFileReference; lastKnownFileType = sourcecode.swift; path = RemoteBackend.swift; sourceTree = "<group>"; };
		49849D9AB56307E72089D622 /* LogView.swift */ = {isa = PBXFileReference; lastKnownFileType = sourcecode.swift; path = LogView.swift; sourceTree = "<group>"; };
		4CEF9376EE55F833D33CFEA5 /* PartnerRepository.swift */ = {isa = PBXFileReference; lastKnownFileType = sourcecode.swift; path = PartnerRepository.swift; sourceTree = "<group>"; };
		5BD8D73ED6547E875275A4E1 /* Typography.swift */ = {isa = PBXFileReference; lastKnownFileType = sourcecode.swift; path = Typography.swift; sourceTree = "<group>"; };
		5E5C7355A555DF5D7CDD47A0 /* CycleSettingsSheet.swift */ = {isa = PBXFileReference; lastKnownFileType = sourcecode.swift; path = CycleSettingsSheet.swift; sourceTree = "<group>"; };
		61F659240568EB47E350BFB0 /* Info.plist */ = {isa = PBXFileReference; lastKnownFileType = text.plist; path = Info.plist; sourceTree = "<group>"; };
		65216CD3083B221BA523E62A /* PregnancyView.swift */ = {isa = PBXFileReference; lastKnownFileType = sourcecode.swift; path = PregnancyView.swift; sourceTree = "<group>"; };
		6A00188AAFEE31CD41906486 /* PlaceholderScreen.swift */ = {isa = PBXFileReference; lastKnownFileType = sourcecode.swift; path = PlaceholderScreen.swift; sourceTree = "<group>"; };
		6CC221F6E9BDD623F1EC146C /* ProfileView.swift */ = {isa = PBXFileReference; lastKnownFileType = sourcecode.swift; path = ProfileView.swift; sourceTree = "<group>"; };
		6D297DB3865857FC294B954E /* GenesyxControls.swift */ = {isa = PBXFileReference; lastKnownFileType = sourcecode.swift; path = GenesyxControls.swift; sourceTree = "<group>"; };
		709D1C1FC95A6647B86AFD2E /* SessionRepository.swift */ = {isa = PBXFileReference; lastKnownFileType = sourcecode.swift; path = SessionRepository.swift; sourceTree = "<group>"; };
		70CFFA90DC002A583118F417 /* AuthPartnerBackendTests.swift */ = {isa = PBXFileReference; lastKnownFileType = sourcecode.swift; path = AuthPartnerBackendTests.swift; sourceTree = "<group>"; };
		7D0BEA36D2FE560E98C71D10 /* NotificationRouter.swift */ = {isa = PBXFileReference; lastKnownFileType = sourcecode.swift; path = NotificationRouter.swift; sourceTree = "<group>"; };
		7F8902F736BE65A51377ABF0 /* QuizContentTests.swift */ = {isa = PBXFileReference; lastKnownFileType = sourcecode.swift; path = QuizContentTests.swift; sourceTree = "<group>"; };
		7FAEDB5BABAF4DB17A1EA885 /* RootView.swift */ = {isa = PBXFileReference; lastKnownFileType = sourcecode.swift; path = RootView.swift; sourceTree = "<group>"; };
		8E8224E3C264A5AAABD3B6F4 /* InviteView.swift */ = {isa = PBXFileReference; lastKnownFileType = sourcecode.swift; path = InviteView.swift; sourceTree = "<group>"; };
		8FD8DC508575F00BB7566E22 /* RepositoryTests.swift */ = {isa = PBXFileReference; lastKnownFileType = sourcecode.swift; path = RepositoryTests.swift; sourceTree = "<group>"; };
		98022BBAD2E97CCAD9CBDF20 /* ErrorStateView.swift */ = {isa = PBXFileReference; lastKnownFileType = sourcecode.swift; path = ErrorStateView.swift; sourceTree = "<group>"; };
		9C3ADEDF6CA1AE1E9D790580 /* Genesyx.app */ = {isa = PBXFileReference; includeInIndex = 0; lastKnownFileType = wrapper.application; path = Genesyx.app; sourceTree = BUILT_PRODUCTS_DIR; };
		9D2256A8461234A12EC51385 /* GenesyxColors.swift */ = {isa = PBXFileReference; lastKnownFileType = sourcecode.swift; path = GenesyxColors.swift; sourceTree = "<group>"; };
		A724E422A810E5B8921F4A15 /* AppContainer.swift */ = {isa = PBXFileReference; lastKnownFileType = sourcecode.swift; path = AppContainer.swift; sourceTree = "<group>"; };
		AE0BDF46FCE64B4692A96017 /* LearnViews.swift */ = {isa = PBXFileReference; lastKnownFileType = sourcecode.swift; path = LearnViews.swift; sourceTree = "<group>"; };
		AEB6BAF8FC459A7A15C72AB8 /* BackendSwapTests.swift */ = {isa = PBXFileReference; lastKnownFileType = sourcecode.swift; path = BackendSwapTests.swift; sourceTree = "<group>"; };
		B109D7AA3E1A1E26FE200791 /* GenesyxUITests.xctest */ = {isa = PBXFileReference; includeInIndex = 0; lastKnownFileType = wrapper.cfbundle; path = GenesyxUITests.xctest; sourceTree = BUILT_PRODUCTS_DIR; };
		B18E3F542DC87A9DB38AE90F /* HydrationInsightTests.swift */ = {isa = PBXFileReference; lastKnownFileType = sourcecode.swift; path = HydrationInsightTests.swift; sourceTree = "<group>"; };
		B272F6444F9A44B3497D5370 /* SupabaseBackend.swift */ = {isa = PBXFileReference; lastKnownFileType = sourcecode.swift; path = SupabaseBackend.swift; sourceTree = "<group>"; };
		BC4D301E002F9F92D74DCA2E /* MainTabView.swift */ = {isa = PBXFileReference; lastKnownFileType = sourcecode.swift; path = MainTabView.swift; sourceTree = "<group>"; };
		C514C0E95E071BDA9843904E /* PersistenceDTOs.swift */ = {isa = PBXFileReference; lastKnownFileType = sourcecode.swift; path = PersistenceDTOs.swift; sourceTree = "<group>"; };
		C945804E1BB5F3133A5710D6 /* LearnContent.swift */ = {isa = PBXFileReference; lastKnownFileType = sourcecode.swift; path = LearnContent.swift; sourceTree = "<group>"; };
		CA1FD2DBFCCA2572F4AF84F1 /* PhRepository.swift */ = {isa = PBXFileReference; lastKnownFileType = sourcecode.swift; path = PhRepository.swift; sourceTree = "<group>"; };
		D262BD3C0DBE243270F855CB /* GenesyxAppTests.xctest */ = {isa = PBXFileReference; includeInIndex = 0; lastKnownFileType = wrapper.cfbundle; path = GenesyxAppTests.xctest; sourceTree = BUILT_PRODUCTS_DIR; };
		D48509B6EC8A02B3A142AF09 /* PhTrackerSection.swift */ = {isa = PBXFileReference; lastKnownFileType = sourcecode.swift; path = PhTrackerSection.swift; sourceTree = "<group>"; };
		D6D3F941F8A48D807333965C /* EmailValidator.swift */ = {isa = PBXFileReference; lastKnownFileType = sourcecode.swift; path = EmailValidator.swift; sourceTree = "<group>"; };
		D9CDAEFE038258E2457FE471 /* InsightsView.swift */ = {isa = PBXFileReference; lastKnownFileType = sourcecode.swift; path = InsightsView.swift; sourceTree = "<group>"; };
		DAB2D6EDC638116F42330F79 /* OnboardingFlowView.swift */ = {isa = PBXFileReference; lastKnownFileType = sourcecode.swift; path = OnboardingFlowView.swift; sourceTree = "<group>"; };
		E090A64261B2333C8D7643F1 /* CycleRepository.swift */ = {isa = PBXFileReference; lastKnownFileType = sourcecode.swift; path = CycleRepository.swift; sourceTree = "<group>"; };
		E1E9DB93360F5E3469EA18FF /* genesxy_apple.V1.02 */ = {isa = PBXFileReference; lastKnownFileType = folder; name = genesxy_apple.V1.02; path = .; sourceTree = SOURCE_ROOT; };
		E8235770B012CBBA13E031E3 /* TrackView.swift */ = {isa = PBXFileReference; lastKnownFileType = sourcecode.swift; path = TrackView.swift; sourceTree = "<group>"; };
		F1D34D08C3CECE90DB71985D /* PreviewSupport.swift */ = {isa = PBXFileReference; lastKnownFileType = sourcecode.swift; path = PreviewSupport.swift; sourceTree = "<group>"; };
		F21E5D92371409ED4064F9DA /* NutritionView.swift */ = {isa = PBXFileReference; lastKnownFileType = sourcecode.swift; path = NutritionView.swift; sourceTree = "<group>"; };
		F344C06C360FBD7A34BA772B /* CalendarDate+Foundation.swift */ = {isa = PBXFileReference; lastKnownFileType = sourcecode.swift; path = "CalendarDate+Foundation.swift"; sourceTree = "<group>"; };
		F6DE996E8CAA936441DF387E /* NotificationContent.swift */ = {isa = PBXFileReference; lastKnownFileType = sourcecode.swift; path = NotificationContent.swift; sourceTree = "<group>"; };
		FD452495CEE851EB8D542EDD /* GenesyxUITests.swift */ = {isa = PBXFileReference; lastKnownFileType = sourcecode.swift; path = GenesyxUITests.swift; sourceTree = "<group>"; };
		FF6F37408A02568413C57CE0 /* DailyLogRepository.swift */ = {isa = PBXFileReference; lastKnownFileType = sourcecode.swift; path = DailyLogRepository.swift; sourceTree = "<group>"; };
/* End PBXFileReference section */

/* Begin PBXFrameworksBuildPhase section */
		B2E88698448A83A358F746CB /* Frameworks */ = {
			isa = PBXFrameworksBuildPhase;
			buildActionMask = 2147483647;
			files = (
				ED6676295BABDD824EE51AE4 /* GenesyxCore in Frameworks */,
				E173C6750E0F0556C6C306F2 /* Supabase in Frameworks */,
				640142F8AD057E25E3BE3BB8 /* GoogleSignIn in Frameworks */,
			);
			runOnlyForDeploymentPostprocessing = 0;
		};
/* End PBXFrameworksBuildPhase section */

/* Begin PBXGroup section */
		06039F7B08F8037F766FDAA7 /* Pregnancy */ = {
			isa = PBXGroup;
			children = (
				65216CD3083B221BA523E62A /* PregnancyView.swift */,
			);
			path = Pregnancy;
			sourceTree = "<group>";
		};
		0952FCF63835F3947DFCA862 /* GenesyxUITests */ = {
			isa = PBXGroup;
			children = (
				FD452495CEE851EB8D542EDD /* GenesyxUITests.swift */,
			);
			path = GenesyxUITests;
			sourceTree = "<group>";
		};
		124CDB4900CE5C43FFCFB5C9 /* Track */ = {
			isa = PBXGroup;
			children = (
				E8235770B012CBBA13E031E3 /* TrackView.swift */,
			);
			path = Track;
			sourceTree = "<group>";
		};
		16E046CE4778F185061ADDAA /* Insights */ = {
			isa = PBXGroup;
			children = (
				D9CDAEFE038258E2457FE471 /* InsightsView.swift */,
			);
			path = Insights;
			sourceTree = "<group>";
		};
		1D8C4013E29C175A15C5C8F3 /* Profile */ = {
			isa = PBXGroup;
			children = (
				6CC221F6E9BDD623F1EC146C /* ProfileView.swift */,
			);
			path = Profile;
			sourceTree = "<group>";
		};
		28476119E04335E1227D0A58 /* GenesyxTests */ = {
			isa = PBXGroup;
			children = (
				70CFFA90DC002A583118F417 /* AuthPartnerBackendTests.swift */,
				AEB6BAF8FC459A7A15C72AB8 /* BackendSwapTests.swift */,
				43EE7B189D1FA0D84CB24653 /* DeepLinkTests.swift */,
				B18E3F542DC87A9DB38AE90F /* HydrationInsightTests.swift */,
				3396EA1311B91F430A9A56FC /* LearnContentTests.swift */,
				0A374BA412A71C4681304F6B /* NotificationTests.swift */,
				04A99C624A4D983AB1E3D538 /* NutritionHydrationTests.swift */,
				303189AF2EDB7CEDB86E0060 /* PersistenceTests.swift */,
				7F8902F736BE65A51377ABF0 /* QuizContentTests.swift */,
				2A6A7DAC8C3FC99236B1ADB7 /* RealInsightsTests.swift */,
				8FD8DC508575F00BB7566E22 /* RepositoryTests.swift */,
			);
			path = GenesyxTests;
			sourceTree = "<group>";
		};
		38AB8AFCAD8A17E824A1C426 /* App */ = {
			isa = PBXGroup;
			children = (
				7D48BCCB3A4003C8EFA89E47 /* Genesyx */,
				28476119E04335E1227D0A58 /* GenesyxTests */,
				0952FCF63835F3947DFCA862 /* GenesyxUITests */,
			);
			path = App;
			sourceTree = "<group>";
		};
		44F2BCDD622961BF9240BF0E /* Auth */ = {
			isa = PBXGroup;
			children = (
				080CEB58B93445D2DB9D5400 /* AuthView.swift */,
			);
			path = Auth;
			sourceTree = "<group>";
		};
		531C800FEA53B21AD393AB71 /* Components */ = {
			isa = PBXGroup;
			children = (
				5E5C7355A555DF5D7CDD47A0 /* CycleSettingsSheet.swift */,
				98022BBAD2E97CCAD9CBDF20 /* ErrorStateView.swift */,
				18B326C15BF47D3EA69920B6 /* FlowLayout.swift */,
				6D297DB3865857FC294B954E /* GenesyxControls.swift */,
				6A00188AAFEE31CD41906486 /* PlaceholderScreen.swift */,
			);
			path = Components;
			sourceTree = "<group>";
		};
		5D528A6354110BE26D154154 /* Data */ = {
			isa = PBXGroup;
			children = (
				E090A64261B2333C8D7643F1 /* CycleRepository.swift */,
				FF6F37408A02568413C57CE0 /* DailyLogRepository.swift */,
				1B2790DAD76D0036331A0789 /* LocalStore.swift */,
				4CEF9376EE55F833D33CFEA5 /* PartnerRepository.swift */,
				C514C0E95E071BDA9843904E /* PersistenceDTOs.swift */,
				CA1FD2DBFCCA2572F4AF84F1 /* PhRepository.swift */,
				406D34D93DA7A1D21CCC5069 /* PreferencesRepository.swift */,
				709D1C1FC95A6647B86AFD2E /* SessionRepository.swift */,
				F90F9045207B60D13F0BE507 /* App */,
				F9597355B76D96354A513FF7 /* Remote */,
			);
			path = Data;
			sourceTree = "<group>";
		};
		603AA2C1FEFFC938552AC318 /* Log */ = {
			isa = PBXGroup;
			children = (
				49849D9AB56307E72089D622 /* LogView.swift */,
			);
			path = Log;
			sourceTree = "<group>";
		};
		7033B1BACF574B76621B3485 /* Theme */ = {
			isa = PBXGroup;
			children = (
				9D2256A8461234A12EC51385 /* GenesyxColors.swift */,
				29302184F2B6D0C0053D36D1 /* Theme.swift */,
				5BD8D73ED6547E875275A4E1 /* Typography.swift */,
			);
			path = Theme;
			sourceTree = "<group>";
		};
		7089D7A816AD44C8742AF6AC /* Packages */ = {
			isa = PBXGroup;
			children = (
				E1E9DB93360F5E3469EA18FF /* genesxy_apple.V1.02 */,
			);
			name = Packages;
			sourceTree = "<group>";
		};
		7D48BCCB3A4003C8EFA89E47 /* Genesyx */ = {
			isa = PBXGroup;
			children = (
				34BB4B2C82E7B1C0F7CA015A /* Genesyx.entitlements */,
				61F659240568EB47E350BFB0 /* Info.plist */,
				5D528A6354110BE26D154154 /* Data */,
				9105A54F385E310D3E14E971 /* Notifications */,
				E549DE0644CFE0037CFD0820 /* Resources */,
				AD6ABB849EFC71CDE545593B /* UI */,
				D51D1088EC878565E830FC93 /* Util */,
			);
			path = Genesyx;
			sourceTree = "<group>";
		};
		880852CC7C5B5F996A90D493 = {
			isa = PBXGroup;
			children = (
				38AB8AFCAD8A17E824A1C426 /* App */,
				7089D7A816AD44C8742AF6AC /* Packages */,
				94AC9C665677EE1EADF45250 /* Products */,
			);
			sourceTree = "<group>";
		};
		8E528A461888B9BE1741DE19 /* Ph */ = {
			isa = PBXGroup;
			children = (
				D48509B6EC8A02B3A142AF09 /* PhTrackerSection.swift */,
			);
			path = Ph;
			sourceTree = "<group>";
		};
		9105A54F385E310D3E14E971 /* Notifications */ = {
			isa = PBXGroup;
			children = (
				F6DE996E8CAA936441DF387E /* NotificationContent.swift */,
				7D0BEA36D2FE560E98C71D10 /* NotificationRouter.swift */,
				25158C5D4C95C0D86A2FFC22 /* NotificationService.swift */,
			);
			path = Notifications;
			sourceTree = "<group>";
		};
		94AC9C665677EE1EADF45250 /* Products */ = {
			isa = PBXGroup;
			children = (
				9C3ADEDF6CA1AE1E9D790580 /* Genesyx.app */,
				D262BD3C0DBE243270F855CB /* GenesyxAppTests.xctest */,
				B109D7AA3E1A1E26FE200791 /* GenesyxUITests.xctest */,
			);
			name = Products;
			sourceTree = "<group>";
		};
		9E61DDC3A0BFF66CC5CB25C7 /* Learn */ = {
			isa = PBXGroup;
			children = (
				C945804E1BB5F3133A5710D6 /* LearnContent.swift */,
				40B409A2563A374272520A72 /* LearnModels.swift */,
				AE0BDF46FCE64B4692A96017 /* LearnViews.swift */,
			);
			path = Learn;
			sourceTree = "<group>";
		};
		9EBC07B354DFC078EE192015 /* Nutrition */ = {
			isa = PBXGroup;
			children = (
				F21E5D92371409ED4064F9DA /* NutritionView.swift */,
			);
			path = Nutrition;
			sourceTree = "<group>";
		};
		AD6ABB849EFC71CDE545593B /* UI */ = {
			isa = PBXGroup;
			children = (
				BC4D301E002F9F92D74DCA2E /* MainTabView.swift */,
				F1D34D08C3CECE90DB71985D /* PreviewSupport.swift */,
				44F2BCDD622961BF9240BF0E /* Auth */,
				531C800FEA53B21AD393AB71 /* Components */,
				CCEB365D87147F1C9D32C459 /* Home */,
				16E046CE4778F185061ADDAA /* Insights */,
				B77F8AFE8BA6F27BA81DDF97 /* Invite */,
				9E61DDC3A0BFF66CC5CB25C7 /* Learn */,
				603AA2C1FEFFC938552AC318 /* Log */,
				9EBC07B354DFC078EE192015 /* Nutrition */,
				C030882D569FAD0ADB3B7DC5 /* Onboarding */,
				8E528A461888B9BE1741DE19 /* Ph */,
				06039F7B08F8037F766FDAA7 /* Pregnancy */,
				1D8C4013E29C175A15C5C8F3 /* Profile */,
				7033B1BACF574B76621B3485 /* Theme */,
				124CDB4900CE5C43FFCFB5C9 /* Track */,
			);
			path = UI;
			sourceTree = "<group>";
		};
		B77F8AFE8BA6F27BA81DDF97 /* Invite */ = {
			isa = PBXGroup;
			children = (
				8E8224E3C264A5AAABD3B6F4 /* InviteView.swift */,
			);
			path = Invite;
			sourceTree = "<group>";
		};
		C030882D569FAD0ADB3B7DC5 /* Onboarding */ = {
			isa = PBXGroup;
			children = (
				DAB2D6EDC638116F42330F79 /* OnboardingFlowView.swift */,
			);
			path = Onboarding;
			sourceTree = "<group>";
		};
		CCEB365D87147F1C9D32C459 /* Home */ = {
			isa = PBXGroup;
			children = (
				41348920BE9C91F44EC334CD /* HomeView.swift */,
			);
			path = Home;
			sourceTree = "<group>";
		};
		D51D1088EC878565E830FC93 /* Util */ = {
			isa = PBXGroup;
			children = (
				F344C06C360FBD7A34BA772B /* CalendarDate+Foundation.swift */,
				D6D3F941F8A48D807333965C /* EmailValidator.swift */,
				00A35F920C88F39DE4A48AA3 /* YearMonth+Foundation.swift */,
			);
			path = Util;
			sourceTree = "<group>";
		};
		E549DE0644CFE0037CFD0820 /* Resources */ = {
			isa = PBXGroup;
			children = (
				31FA256D16825BC48D9FF01C /* Assets.xcassets */,
				31285057904654880C873C5C /* PrivacyInfo.xcprivacy */,
			);
			path = Resources;
			sourceTree = "<group>";
		};
		F90F9045207B60D13F0BE507 /* App */ = {
			isa = PBXGroup;
			children = (
				0C6AEDE2C83DDBA1A2CF2E59 /* AppBackend.swift */,
				A724E422A810E5B8921F4A15 /* AppContainer.swift */,
				0E5056238C379BFC87EEE98F /* DeepLink.swift */,
				40F30A3F8C1E804BE4B86F8F /* GenesyxApp.swift */,
				7FAEDB5BABAF4DB17A1EA885 /* RootView.swift */,
			);
			path = App;
			sourceTree = "<group>";
		};
		F9597355B76D96354A513FF7 /* Remote */ = {
			isa = PBXGroup;
			children = (
				48F5A8AF942299142460B70F /* RemoteBackend.swift */,
				397DC99D1C37CD68DFB1AA05 /* RemoteModels.swift */,
				B272F6444F9A44B3497D5370 /* SupabaseBackend.swift */,
			);
			path = Remote;
			sourceTree = "<group>";
		};
/* End PBXGroup section */

/* Begin PBXNativeTarget section */
		144114A9DE8B8CC8CA5003BF /* Genesyx */ = {
			isa = PBXNativeTarget;
			buildConfigurationList = 24A8B22D4CB4D002D6305AC1 /* Build configuration list for PBXNativeTarget "Genesyx" */;
			buildPhases = (
				44F6377EB644DCBEFC9D9C6E /* Sources */,
				632986BDC77979C8C2AB6703 /* Resources */,
				B2E88698448A83A358F746CB /* Frameworks */,
			);
			buildRules = (
			);
			dependencies = (
			);
			name = Genesyx;
			packageProductDependencies = (
				9A6451E74177E670774A6BAA /* GenesyxCore */,
				DEAB44EE02032528E4C7A894 /* Supabase */,
				EE200336765087672A45DFBE /* GoogleSignIn */,
			);
			productName = Genesyx;
			productReference = 9C3ADEDF6CA1AE1E9D790580 /* Genesyx.app */;
			productType = "com.apple.product-type.application";
		};
		44FFB2E1550DA5444CD100BC /* GenesyxAppTests */ = {
			isa = PBXNativeTarget;
			buildConfigurationList = 9686E9929BCD2EAAC4D3CD24 /* Build configuration list for PBXNativeTarget "GenesyxAppTests" */;
			buildPhases = (
				59E402539953ED1B6E069AC2 /* Sources */,
			);
			buildRules = (
			);
			dependencies = (
				0B9C6EC87CE73FE6AB4F0A17 /* PBXTargetDependency */,
			);
			name = GenesyxAppTests;
			packageProductDependencies = (
			);
			productName = GenesyxAppTests;
			productReference = D262BD3C0DBE243270F855CB /* GenesyxAppTests.xctest */;
			productType = "com.apple.product-type.bundle.unit-test";
		};
		D9704A8E449080CC0757F7F7 /* GenesyxUITests */ = {
			isa = PBXNativeTarget;
			buildConfigurationList = 0964803421A0A8DD5D306188 /* Build configuration list for PBXNativeTarget "GenesyxUITests" */;
			buildPhases = (
				E86BD4FABDC7FD01BBD1E7B9 /* Sources */,
			);
			buildRules = (
			);
			dependencies = (
				14DEC0F2FB48394260C6E142 /* PBXTargetDependency */,
			);
			name = GenesyxUITests;
			packageProductDependencies = (
			);
			productName = GenesyxUITests;
			productReference = B109D7AA3E1A1E26FE200791 /* GenesyxUITests.xctest */;
			productType = "com.apple.product-type.bundle.ui-testing";
		};
/* End PBXNativeTarget section */

/* Begin PBXProject section */
		8E7F883601C36F1243B5EE31 /* Project object */ = {
			isa = PBXProject;
			attributes = {
				BuildIndependentTargetsInParallel = YES;
				LastUpgradeCheck = 1430;
				TargetAttributes = {
					144114A9DE8B8CC8CA5003BF = {
						DevelopmentTeam = M5L3MM75SG;
						ProvisioningStyle = Automatic;
					};
					D9704A8E449080CC0757F7F7 = {
						TestTargetID = 144114A9DE8B8CC8CA5003BF;
					};
				};
			};
			buildConfigurationList = 73451269B08AD90FECBFD585 /* Build configuration list for PBXProject "Genesyx" */;
			developmentRegion = en;
			hasScannedForEncodings = 0;
			knownRegions = (
				Base,
				en,
			);
			mainGroup = 880852CC7C5B5F996A90D493;
			minimizedProjectReferenceProxies = 1;
			packageReferences = (
				B38580FCE55D8E470DD5D28C /* XCRemoteSwiftPackageReference "GoogleSignIn-iOS" */,
				3AABFD8221EDDD42CC624BCB /* XCRemoteSwiftPackageReference "supabase-swift" */,
				EC58C311427435D3B2A4490E /* XCLocalSwiftPackageReference "." */,
			);
			preferredProjectObjectVersion = 77;
			productRefGroup = 94AC9C665677EE1EADF45250 /* Products */;
			projectDirPath = "";
			projectRoot = "";
			targets = (
				144114A9DE8B8CC8CA5003BF /* Genesyx */,
				44FFB2E1550DA5444CD100BC /* GenesyxAppTests */,
				D9704A8E449080CC0757F7F7 /* GenesyxUITests */,
			);
		};
/* End PBXProject section */

/* Begin PBXResourcesBuildPhase section */
		632986BDC77979C8C2AB6703 /* Resources */ = {
			isa = PBXResourcesBuildPhase;
			buildActionMask = 2147483647;
			files = (
				E35A43E19769AF5855E930A7 /* Assets.xcassets in Resources */,
				95374EE4612300DE8ECB082C /* PrivacyInfo.xcprivacy in Resources */,
			);
			runOnlyForDeploymentPostprocessing = 0;
		};
/* End PBXResourcesBuildPhase section */

/* Begin PBXSourcesBuildPhase section */
		44F6377EB644DCBEFC9D9C6E /* Sources */ = {
			isa = PBXSourcesBuildPhase;
			buildActionMask = 2147483647;
			files = (
				191ABA3EA2167B60289B39E7 /* AppBackend.swift in Sources */,
				2CFBB75151ED772EF42BE762 /* AppContainer.swift in Sources */,
				CD66002B3D5BBE1411B24650 /* AuthView.swift in Sources */,
				F8747CF476AB6AC7AE8256B2 /* CalendarDate+Foundation.swift in Sources */,
				E6C31815C8A833D847C2404E /* CycleRepository.swift in Sources */,
				0DCC3D33A978CC1789DDCDB2 /* CycleSettingsSheet.swift in Sources */,
				E54366A509A127056046BEC5 /* DailyLogRepository.swift in Sources */,
				86B9753D403F1175DD52D577 /* DeepLink.swift in Sources */,
				A8CFAFC54BE8362144D42958 /* EmailValidator.swift in Sources */,
				171C66812D35CE18F49E8077 /* ErrorStateView.swift in Sources */,
				6835DB6E7BBE2692B1220320 /* FlowLayout.swift in Sources */,
				80E86EC3B5ADC14AABBDB677 /* GenesyxApp.swift in Sources */,
				1B161462363D78E3F6630794 /* GenesyxColors.swift in Sources */,
				0DC6B2D021CC16BAFACC6B2E /* GenesyxControls.swift in Sources */,
				A5CFFE487FC1011AC30B6196 /* HomeView.swift in Sources */,
				EC5AD95C81D8E668D0AA8B59 /* InsightsView.swift in Sources */,
				36C87A06EB5CFFF312367D11 /* InviteView.swift in Sources */,
				651A078688B74ECA03A31657 /* LearnContent.swift in Sources */,
				C4A444E7B1D33B58A8A1DAB1 /* LearnModels.swift in Sources */,
				009BA7CB261C91DBBEC1D8C5 /* LearnViews.swift in Sources */,
				E6031BE67078AE4BEF7ED0D1 /* LocalStore.swift in Sources */,
				7E4CD1BF46B1F859F7A9E624 /* LogView.swift in Sources */,
				3C786426F8C9E9FF5E55F9F2 /* MainTabView.swift in Sources */,
				5FB76A064A50237D02F42A35 /* NotificationContent.swift in Sources */,
				95EFBAB411096AD3387E69AF /* NotificationRouter.swift in Sources */,
				72E52DF5C287CE9601E07DD9 /* NotificationService.swift in Sources */,
				3B236BD816ADD547436DCF4A /* NutritionView.swift in Sources */,
				19D20718E9D21DC08671E277 /* OnboardingFlowView.swift in Sources */,
				3924E9760802BE0291932FD9 /* PartnerRepository.swift in Sources */,
				E11E796D15E7BC987E6780E2 /* PersistenceDTOs.swift in Sources */,
				C850284037447966A3511645 /* PhRepository.swift in Sources */,
				C9EE7E47540C49C939B39E43 /* PhTrackerSection.swift in Sources */,
				C8D8A6E74E7EA7B0F2070013 /* PlaceholderScreen.swift in Sources */,
				F224834DAF0D1D8314BAF564 /* PreferencesRepository.swift in Sources */,
				795CDA6439BC0D8D1A06F880 /* PregnancyView.swift in Sources */,
				9D27EC5A52BE53D875F4A7AF /* PreviewSupport.swift in Sources */,
				3C2FD7275110E323A3A88875 /* ProfileView.swift in Sources */,
				02CDDD6278836CD356A2B6E9 /* RemoteBackend.swift in Sources */,
				9F148CCE3A2DE5173BFFAA39 /* RemoteModels.swift in Sources */,
				179450D82831FD20FBB06431 /* RootView.swift in Sources */,
				0A98509A9EDFF1F6335455A5 /* SessionRepository.swift in Sources */,
				92C49067F4CFC43B2EEEC85E /* SupabaseBackend.swift in Sources */,
				57841B3DEE07C928CEF38FBC /* Theme.swift in Sources */,
				5D61FD77753CAD3C6DC9F99A /* TrackView.swift in Sources */,
				BCC0CE448AC34CDDD5CD6736 /* Typography.swift in Sources */,
				B07097DA3A3F2D2E4BA97906 /* YearMonth+Foundation.swift in Sources */,
			);
			runOnlyForDeploymentPostprocessing = 0;
		};
		59E402539953ED1B6E069AC2 /* Sources */ = {
			isa = PBXSourcesBuildPhase;
			buildActionMask = 2147483647;
			files = (
				9BAF00B09D32CC497A7FB2A5 /* AuthPartnerBackendTests.swift in Sources */,
				DE9C3F479BE6E8224ED0C78C /* BackendSwapTests.swift in Sources */,
				19E192F77DEF4C7726F9A530 /* DeepLinkTests.swift in Sources */,
				2784F238C500EEF89F459F93 /* HydrationInsightTests.swift in Sources */,
				5F63C8C182860F732EFAD1B4 /* LearnContentTests.swift in Sources */,
				3C4025BDDBBFF7E7C4EB068D /* NotificationTests.swift in Sources */,
				65A5F1876DC627D25E629435 /* NutritionHydrationTests.swift in Sources */,
				3D63A628C151330C2E790EF8 /* PersistenceTests.swift in Sources */,
				023C7A8E010B52705228034E /* QuizContentTests.swift in Sources */,
				EEDE83F0AF5220C2F2BD57D2 /* RealInsightsTests.swift in Sources */,
				2A61DF86DC8A79DAB133FEAF /* RepositoryTests.swift in Sources */,
			);
			runOnlyForDeploymentPostprocessing = 0;
		};
		E86BD4FABDC7FD01BBD1E7B9 /* Sources */ = {
			isa = PBXSourcesBuildPhase;
			buildActionMask = 2147483647;
			files = (
				7DEE045EA130EDC0364688A0 /* GenesyxUITests.swift in Sources */,
			);
			runOnlyForDeploymentPostprocessing = 0;
		};
/* End PBXSourcesBuildPhase section */

/* Begin PBXTargetDependency section */
		0B9C6EC87CE73FE6AB4F0A17 /* PBXTargetDependency */ = {
			isa = PBXTargetDependency;
			target = 144114A9DE8B8CC8CA5003BF /* Genesyx */;
			targetProxy = BCFF137D76D6258A885B108D /* PBXContainerItemProxy */;
		};
		14DEC0F2FB48394260C6E142 /* PBXTargetDependency */ = {
			isa = PBXTargetDependency;
			target = 144114A9DE8B8CC8CA5003BF /* Genesyx */;
			targetProxy = E4B8F0CA94868029A93CB26B /* PBXContainerItemProxy */;
		};
/* End PBXTargetDependency section */

/* Begin XCBuildConfiguration section */
		31F591617513CCC751938CD4 /* Debug */ = {
			isa = XCBuildConfiguration;
			buildSettings = {
				BUNDLE_LOADER = "$(TEST_HOST)";
				GENERATE_INFOPLIST_FILE = YES;
				LD_RUNPATH_SEARCH_PATHS = (
					"$(inherited)",
					"@executable_path/Frameworks",
					"@loader_path/Frameworks",
				);
				PRODUCT_BUNDLE_IDENTIFIER = com.genesyx.app.uitests;
				SDKROOT = iphoneos;
				TARGETED_DEVICE_FAMILY = "1,2";
				TEST_TARGET_NAME = Genesyx;
			};
			name = Debug;
		};
		44FFB77D0D4154A15F04E444 /* Debug */ = {
			isa = XCBuildConfiguration;
			buildSettings = {
				ASSETCATALOG_COMPILER_APPICON_NAME = AppIcon;
				ASSETCATALOG_COMPILER_GLOBAL_ACCENT_COLOR_NAME = AccentColor;
				CODE_SIGN_ENTITLEMENTS = App/Genesyx/Genesyx.entitlements;
				CODE_SIGN_IDENTITY = "iPhone Developer";
				CODE_SIGN_STYLE = Automatic;
				CURRENT_PROJECT_VERSION = 8;
				DEVELOPMENT_TEAM = M5L3MM75SG;
				ENABLE_USER_SCRIPT_SANDBOXING = YES;
				INFOPLIST_FILE = App/Genesyx/Info.plist;
				LD_RUNPATH_SEARCH_PATHS = (
					"$(inherited)",
					"@executable_path/Frameworks",
				);
				MARKETING_VERSION = 1.0.0;
				PRODUCT_BUNDLE_IDENTIFIER = com.genesyx.app;
				SDKROOT = iphoneos;
				SUPABASE_ANON_KEY = sb_publishable_eR7nEFBHD_4ATbjEeRbicA_Z3Qj_Elb;
				SUPABASE_URL = "https://epltxklawpcxxbaleswg.supabase.co";
				SWIFT_VERSION = 5.9;
				TARGETED_DEVICE_FAMILY = 1;
			};
			name = Debug;
		};
		739DC5C5DBEDB5EE3CE01B3C /* Release */ = {
			isa = XCBuildConfiguration;
			buildSettings = {
				ASSETCATALOG_COMPILER_APPICON_NAME = AppIcon;
				ASSETCATALOG_COMPILER_GLOBAL_ACCENT_COLOR_NAME = AccentColor;
				CODE_SIGN_ENTITLEMENTS = App/Genesyx/Genesyx.entitlements;
				CODE_SIGN_IDENTITY = "iPhone Developer";
				CODE_SIGN_STYLE = Automatic;
				CURRENT_PROJECT_VERSION = 8;
				DEVELOPMENT_TEAM = M5L3MM75SG;
				ENABLE_USER_SCRIPT_SANDBOXING = YES;
				INFOPLIST_FILE = App/Genesyx/Info.plist;
				LD_RUNPATH_SEARCH_PATHS = (
					"$(inherited)",
					"@executable_path/Frameworks",
				);
				MARKETING_VERSION = 1.0.0;
				PRODUCT_BUNDLE_IDENTIFIER = com.genesyx.app;
				SDKROOT = iphoneos;
				SUPABASE_ANON_KEY = sb_publishable_eR7nEFBHD_4ATbjEeRbicA_Z3Qj_Elb;
				SUPABASE_URL = "https://epltxklawpcxxbaleswg.supabase.co";
				SWIFT_VERSION = 5.9;
				TARGETED_DEVICE_FAMILY = 1;
			};
			name = Release;
		};
		83ED61A742DFE2E3700C2EAA /* Debug */ = {
			isa = XCBuildConfiguration;
			buildSettings = {
				ALWAYS_SEARCH_USER_PATHS = NO;
				CLANG_ANALYZER_NONNULL = YES;
				CLANG_ANALYZER_NUMBER_OBJECT_CONVERSION = YES_AGGRESSIVE;
				CLANG_CXX_LANGUAGE_STANDARD = "gnu++14";
				CLANG_CXX_LIBRARY = "libc++";
				CLANG_ENABLE_MODULES = YES;
				CLANG_ENABLE_OBJC_ARC = YES;
				CLANG_ENABLE_OBJC_WEAK = YES;
				CLANG_WARN_BLOCK_CAPTURE_AUTORELEASING = YES;
				CLANG_WARN_BOOL_CONVERSION = YES;
				CLANG_WARN_COMMA = YES;
				CLANG_WARN_CONSTANT_CONVERSION = YES;
				CLANG_WARN_DEPRECATED_OBJC_IMPLEMENTATIONS = YES;
				CLANG_WARN_DIRECT_OBJC_ISA_USAGE = YES_ERROR;
				CLANG_WARN_DOCUMENTATION_COMMENTS = YES;
				CLANG_WARN_EMPTY_BODY = YES;
				CLANG_WARN_ENUM_CONVERSION = YES;
				CLANG_WARN_INFINITE_RECURSION = YES;
				CLANG_WARN_INT_CONVERSION = YES;
				CLANG_WARN_NON_LITERAL_NULL_CONVERSION = YES;
				CLANG_WARN_OBJC_IMPLICIT_RETAIN_SELF = YES;
				CLANG_WARN_OBJC_LITERAL_CONVERSION = YES;
				CLANG_WARN_OBJC_ROOT_CLASS = YES_ERROR;
				CLANG_WARN_QUOTED_INCLUDE_IN_FRAMEWORK_HEADER = YES;
				CLANG_WARN_RANGE_LOOP_ANALYSIS = YES;
				CLANG_WARN_STRICT_PROTOTYPES = YES;
				CLANG_WARN_SUSPICIOUS_MOVE = YES;
				CLANG_WARN_UNGUARDED_AVAILABILITY = YES_AGGRESSIVE;
				CLANG_WARN_UNREACHABLE_CODE = YES;
				CLANG_WARN__DUPLICATE_METHOD_MATCH = YES;
				COPY_PHASE_STRIP = NO;
				DEBUG_INFORMATION_FORMAT = dwarf;
				ENABLE_STRICT_OBJC_MSGSEND = YES;
				ENABLE_TESTABILITY = YES;
				GCC_C_LANGUAGE_STANDARD = gnu11;
				GCC_DYNAMIC_NO_PIC = NO;
				GCC_NO_COMMON_BLOCKS = YES;
				GCC_OPTIMIZATION_LEVEL = 0;
				GCC_PREPROCESSOR_DEFINITIONS = (
					"$(inherited)",
					"DEBUG=1",
				);
				GCC_WARN_64_TO_32_BIT_CONVERSION = YES;
				GCC_WARN_ABOUT_RETURN_TYPE = YES_ERROR;
				GCC_WARN_UNDECLARED_SELECTOR = YES;
				GCC_WARN_UNINITIALIZED_AUTOS = YES_AGGRESSIVE;
				GCC_WARN_UNUSED_FUNCTION = YES;
				GCC_WARN_UNUSED_VARIABLE = YES;
				IPHONEOS_DEPLOYMENT_TARGET = 16.0;
				MTL_ENABLE_DEBUG_INFO = INCLUDE_SOURCE;
				MTL_FAST_MATH = YES;
				ONLY_ACTIVE_ARCH = YES;
				PRODUCT_NAME = "$(TARGET_NAME)";
				SDKROOT = iphoneos;
				SWIFT_ACTIVE_COMPILATION_CONDITIONS = DEBUG;
				SWIFT_OPTIMIZATION_LEVEL = "-Onone";
				SWIFT_VERSION = 5.0;
			};
			name = Debug;
		};
		98151EC59CA7DA2F36356E0B /* Release */ = {
			isa = XCBuildConfiguration;
			buildSettings = {
				BUNDLE_LOADER = "$(TEST_HOST)";
				GENERATE_INFOPLIST_FILE = YES;
				LD_RUNPATH_SEARCH_PATHS = (
					"$(inherited)",
					"@executable_path/Frameworks",
					"@loader_path/Frameworks",
				);
				PRODUCT_BUNDLE_IDENTIFIER = com.genesyx.app.tests;
				SDKROOT = iphoneos;
				TARGETED_DEVICE_FAMILY = "1,2";
				TEST_HOST = "$(BUILT_PRODUCTS_DIR)/Genesyx.app/Genesyx";
			};
			name = Release;
		};
		A9BE50638FFD0D14F56FB3E9 /* Release */ = {
			isa = XCBuildConfiguration;
			buildSettings = {
				ALWAYS_SEARCH_USER_PATHS = NO;
				CLANG_ANALYZER_NONNULL = YES;
				CLANG_ANALYZER_NUMBER_OBJECT_CONVERSION = YES_AGGRESSIVE;
				CLANG_CXX_LANGUAGE_STANDARD = "gnu++14";
				CLANG_CXX_LIBRARY = "libc++";
				CLANG_ENABLE_MODULES = YES;
				CLANG_ENABLE_OBJC_ARC = YES;
				CLANG_ENABLE_OBJC_WEAK = YES;
				CLANG_WARN_BLOCK_CAPTURE_AUTORELEASING = YES;
				CLANG_WARN_BOOL_CONVERSION = YES;
				CLANG_WARN_COMMA = YES;
				CLANG_WARN_CONSTANT_CONVERSION = YES;
				CLANG_WARN_DEPRECATED_OBJC_IMPLEMENTATIONS = YES;
				CLANG_WARN_DIRECT_OBJC_ISA_USAGE = YES_ERROR;
				CLANG_WARN_DOCUMENTATION_COMMENTS = YES;
				CLANG_WARN_EMPTY_BODY = YES;
				CLANG_WARN_ENUM_CONVERSION = YES;
				CLANG_WARN_INFINITE_RECURSION = YES;
				CLANG_WARN_INT_CONVERSION = YES;
				CLANG_WARN_NON_LITERAL_NULL_CONVERSION = YES;
				CLANG_WARN_OBJC_IMPLICIT_RETAIN_SELF = YES;
				CLANG_WARN_OBJC_LITERAL_CONVERSION = YES;
				CLANG_WARN_OBJC_ROOT_CLASS = YES_ERROR;
				CLANG_WARN_QUOTED_INCLUDE_IN_FRAMEWORK_HEADER = YES;
				CLANG_WARN_RANGE_LOOP_ANALYSIS = YES;
				CLANG_WARN_STRICT_PROTOTYPES = YES;
				CLANG_WARN_SUSPICIOUS_MOVE = YES;
				CLANG_WARN_UNGUARDED_AVAILABILITY = YES_AGGRESSIVE;
				CLANG_WARN_UNREACHABLE_CODE = YES;
				CLANG_WARN__DUPLICATE_METHOD_MATCH = YES;
				COPY_PHASE_STRIP = NO;
				DEBUG_INFORMATION_FORMAT = "dwarf-with-dsym";
				ENABLE_NS_ASSERTIONS = NO;
				ENABLE_STRICT_OBJC_MSGSEND = YES;
				GCC_C_LANGUAGE_STANDARD = gnu11;
				GCC_NO_COMMON_BLOCKS = YES;
				GCC_WARN_64_TO_32_BIT_CONVERSION = YES;
				GCC_WARN_ABOUT_RETURN_TYPE = YES_ERROR;
				GCC_WARN_UNDECLARED_SELECTOR = YES;
				GCC_WARN_UNINITIALIZED_AUTOS = YES_AGGRESSIVE;
				GCC_WARN_UNUSED_FUNCTION = YES;
				GCC_WARN_UNUSED_VARIABLE = YES;
				IPHONEOS_DEPLOYMENT_TARGET = 16.0;
				MTL_ENABLE_DEBUG_INFO = NO;
				MTL_FAST_MATH = YES;
				PRODUCT_NAME = "$(TARGET_NAME)";
				SDKROOT = iphoneos;
				SWIFT_COMPILATION_MODE = wholemodule;
				SWIFT_OPTIMIZATION_LEVEL = "-O";
				SWIFT_VERSION = 5.0;
			};
			name = Release;
		};
		F4E6DD0043CF143146CB9727 /* Release */ = {
			isa = XCBuildConfiguration;
			buildSettings = {
				BUNDLE_LOADER = "$(TEST_HOST)";
				GENERATE_INFOPLIST_FILE = YES;
				LD_RUNPATH_SEARCH_PATHS = (
					"$(inherited)",
					"@executable_path/Frameworks",
					"@loader_path/Frameworks",
				);
				PRODUCT_BUNDLE_IDENTIFIER = com.genesyx.app.uitests;
				SDKROOT = iphoneos;
				TARGETED_DEVICE_FAMILY = "1,2";
				TEST_TARGET_NAME = Genesyx;
			};
			name = Release;
		};
		F4FDFA13517AEE35607682AA /* Debug */ = {
			isa = XCBuildConfiguration;
			buildSettings = {
				BUNDLE_LOADER = "$(TEST_HOST)";
				GENERATE_INFOPLIST_FILE = YES;
				LD_RUNPATH_SEARCH_PATHS = (
					"$(inherited)",
					"@executable_path/Frameworks",
					"@loader_path/Frameworks",
				);
				PRODUCT_BUNDLE_IDENTIFIER = com.genesyx.app.tests;
				SDKROOT = iphoneos;
				TARGETED_DEVICE_FAMILY = "1,2";
				TEST_HOST = "$(BUILT_PRODUCTS_DIR)/Genesyx.app/Genesyx";
			};
			name = Debug;
		};
/* End XCBuildConfiguration section */

/* Begin XCConfigurationList section */
		0964803421A0A8DD5D306188 /* Build configuration list for PBXNativeTarget "GenesyxUITests" */ = {
			isa = XCConfigurationList;
			buildConfigurations = (
				31F591617513CCC751938CD4 /* Debug */,
				F4E6DD0043CF143146CB9727 /* Release */,
			);
			defaultConfigurationIsVisible = 0;
			defaultConfigurationName = Debug;
		};
		24A8B22D4CB4D002D6305AC1 /* Build configuration list for PBXNativeTarget "Genesyx" */ = {
			isa = XCConfigurationList;
			buildConfigurations = (
				44FFB77D0D4154A15F04E444 /* Debug */,
				739DC5C5DBEDB5EE3CE01B3C /* Release */,
			);
			defaultConfigurationIsVisible = 0;
			defaultConfigurationName = Debug;
		};
		73451269B08AD90FECBFD585 /* Build configuration list for PBXProject "Genesyx" */ = {
			isa = XCConfigurationList;
			buildConfigurations = (
				83ED61A742DFE2E3700C2EAA /* Debug */,
				A9BE50638FFD0D14F56FB3E9 /* Release */,
			);
			defaultConfigurationIsVisible = 0;
			defaultConfigurationName = Debug;
		};
		9686E9929BCD2EAAC4D3CD24 /* Build configuration list for PBXNativeTarget "GenesyxAppTests" */ = {
			isa = XCConfigurationList;
			buildConfigurations = (
				F4FDFA13517AEE35607682AA /* Debug */,
				98151EC59CA7DA2F36356E0B /* Release */,
			);
			defaultConfigurationIsVisible = 0;
			defaultConfigurationName = Debug;
		};
/* End XCConfigurationList section */

/* Begin XCLocalSwiftPackageReference section */
		EC58C311427435D3B2A4490E /* XCLocalSwiftPackageReference "." */ = {
			isa = XCLocalSwiftPackageReference;
			relativePath = .;
		};
/* End XCLocalSwiftPackageReference section */

/* Begin XCRemoteSwiftPackageReference section */
		3AABFD8221EDDD42CC624BCB /* XCRemoteSwiftPackageReference "supabase-swift" */ = {
			isa = XCRemoteSwiftPackageReference;
			repositoryURL = "https://github.com/supabase/supabase-swift";
			requirement = {
				kind = upToNextMajorVersion;
				minimumVersion = 2.50.0;
			};
		};
		B38580FCE55D8E470DD5D28C /* XCRemoteSwiftPackageReference "GoogleSignIn-iOS" */ = {
			isa = XCRemoteSwiftPackageReference;
			repositoryURL = "https://github.com/google/GoogleSignIn-iOS";
			requirement = {
				kind = upToNextMajorVersion;
				minimumVersion = 9.2.0;
			};
		};
/* End XCRemoteSwiftPackageReference section */

/* Begin XCSwiftPackageProductDependency section */
		9A6451E74177E670774A6BAA /* GenesyxCore */ = {
			isa = XCSwiftPackageProductDependency;
			productName = GenesyxCore;
		};
		DEAB44EE02032528E4C7A894 /* Supabase */ = {
			isa = XCSwiftPackageProductDependency;
			package = 3AABFD8221EDDD42CC624BCB /* XCRemoteSwiftPackageReference "supabase-swift" */;
			productName = Supabase;
		};
		EE200336765087672A45DFBE /* GoogleSignIn */ = {
			isa = XCSwiftPackageProductDependency;
			package = B38580FCE55D8E470DD5D28C /* XCRemoteSwiftPackageReference "GoogleSignIn-iOS" */;
			productName = GoogleSignIn;
		};
/* End XCSwiftPackageProductDependency section */
	};
	rootObject = 8E7F883601C36F1243B5EE31 /* Project object */;
}
